// !$*UTF8*$!
{
	archiveVersion = 1;
	classes = {
	};
	objectVersion = 71;
	objects = {

/* Begin PBXBuildFile section */
		0DA41857302C7798007B166F /* EHDomain in Frameworks */ = {isa = PBXBuildFile; productRef = EHD00000000000000000001 /* EHDomain */; };
		0DA41858302C7798007B166F /* EHNetworking in Frameworks */ = {isa = PBXBuildFile; productRef = EHD00000000000000000002 /* EHNetworking */; };
		0DA41859302C7798007B166F /* EHPersistence in Frameworks */ = {isa = PBXBuildFile; productRef = EHD00000000000000000003 /* EHPersistence */; };
		0DA4185A302C7798007B166F /* EHDownloads in Frameworks */ = {isa = PBXBuildFile; productRef = EHD00000000000000000004 /* EHDownloads */; };
		EHB00000000000000000001 /* AppModel.swift in Sources */ = {isa = PBXBuildFile; fileRef = EHF00000000000000000001 /* AppModel.swift */; };
		EHB00000000000000000038 /* AppTheme.swift in Sources */ = {isa = PBXBuildFile; fileRef = EHF00000000000000000038 /* AppTheme.swift */; };
		EHB00000000000000000002 /* BrowseView.swift in Sources */ = {isa = PBXBuildFile; fileRef = EHF00000000000000000002 /* BrowseView.swift */; };
		EHB00000000000000000003 /* DownloadsView.swift in Sources */ = {isa = PBXBuildFile; fileRef = EHF00000000000000000003 /* DownloadsView.swift */; };
		EHB00000000000000000004 /* EhViewerApp.swift in Sources */ = {isa = PBXBuildFile; fileRef = EHF00000000000000000004 /* EhViewerApp.swift */; };
		EHB00000000000000000005 /* GalleryDetailView.swift in Sources */ = {isa = PBXBuildFile; fileRef = EHF00000000000000000005 /* GalleryDetailView.swift */; };
		EHB0000000000000000004A /* GalleryCommentsView.swift in Sources */ = {isa = PBXBuildFile; fileRef = EHF0000000000000000004A /* GalleryCommentsView.swift */; };
		EHB00000000000000000006 /* LibraryView.swift in Sources */ = {isa = PBXBuildFile; fileRef = EHF00000000000000000006 /* LibraryView.swift */; };
		EHB00000000000000000007 /* ReaderView.swift in Sources */ = {isa = PBXBuildFile; fileRef = EHF00000000000000000007 /* ReaderView.swift */; };
		EHB00000000000000000008 /* RootView.swift in Sources */ = {isa = PBXBuildFile; fileRef = EHF00000000000000000008 /* RootView.swift */; };
		EHB0000000000000000000A /* SettingsView.swift in Sources */ = {isa = PBXBuildFile; fileRef = EHF0000000000000000000A /* SettingsView.swift */; };
		EHB0000000000000000000B /* Sources/EhViewer/Resources/zh-Hans.lproj/Localizable.strings in Resources */ = {isa = PBXBuildFile; fileRef = EHF0000000000000000000C /* Sources/EhViewer/Resources/zh-Hans.lproj/Localizable.strings */; };
		EHB0000000000000000000C /* Sources/EhViewer/Resources/en.lproj/Localizable.strings in Resources */ = {isa = PBXBuildFile; fileRef = EHF0000000000000000000D /* Sources/EhViewer/Resources/en.lproj/Localizable.strings */; };
		EHB0000000000000000000F /* Sources/EhViewer/Resources/zh-Hant.lproj/Localizable.strings in Resources */ = {isa = PBXBuildFile; fileRef = EHF0000000000000000000F /* Sources/EhViewer/Resources/zh-Hant.lproj/Localizable.strings */; };
		EHB00000000000000000010 /* Sources/EhViewer/Resources/ja.lproj/Localizable.strings in Resources */ = {isa = PBXBuildFile; fileRef = EHF00000000000000000010 /* Sources/EhViewer/Resources/ja.lproj/Localizable.strings */; };
		EHB00000000000000000011 /* Sources/EhViewer/Resources/ko.lproj/Localizable.strings in Resources */ = {isa = PBXBuildFile; fileRef = EHF00000000000000000011 /* Sources/EhViewer/Resources/ko.lproj/Localizable.strings */; };
		EHB00000000000000000012 /* Sources/EhViewer/Resources/es.lproj/Localizable.strings in Resources */ = {isa = PBXBuildFile; fileRef = EHF00000000000000000012 /* Sources/EhViewer/Resources/es.lproj/Localizable.strings */; };
		EHB00000000000000000013 /* Sources/EhViewer/Resources/fr.lproj/Localizable.strings in Resources */ = {isa = PBXBuildFile; fileRef = EHF00000000000000000013 /* Sources/EhViewer/Resources/fr.lproj/Localizable.strings */; };
		EHB00000000000000000014 /* Sources/EhViewer/Resources/de.lproj/Localizable.strings in Resources */ = {isa = PBXBuildFile; fileRef = EHF00000000000000000014 /* Sources/EhViewer/Resources/de.lproj/Localizable.strings */; };
		EHB00000000000000000015 /* Sources/EhViewer/Resources/th.lproj/Localizable.strings in Resources */ = {isa = PBXBuildFile; fileRef = EHF00000000000000000015 /* Sources/EhViewer/Resources/th.lproj/Localizable.strings */; };
		EHB00000000000000000020 /* EhViewerUITests.swift in Sources */ = {isa = PBXBuildFile; fileRef = EHF00000000000000000020 /* EhViewerUITests.swift */; };
		EHB00000000000000000021 /* LocalArchiveView.swift in Sources */ = {isa = PBXBuildFile; fileRef = EHF00000000000000000016 /* LocalArchiveView.swift */; };
		EHB00000000000000000022 /* ShareViewController.swift in Sources */ = {isa = PBXBuildFile; fileRef = EHF00000000000000000017 /* ShareViewController.swift */; };
		EHB00000000000000000023 /* EhViewerShare.appex in Embed Foundation Extensions */ = {isa = PBXBuildFile; fileRef = EHF00000000000000000022 /* EhViewerShare.appex */; platformFilters = (ios, iossimulator, ); settings = {ATTRIBUTES = (RemoveHeadersOnCopy, ); }; };
		EHB00000000000000000024 /* BrowsePaginationFooter.swift in Sources */ = {isa = PBXBuildFile; fileRef = EHF00000000000000000024 /* BrowsePaginationFooter.swift */; };
		EHB00000000000000000025 /* AdvancedSearchView.swift in Sources */ = {isa = PBXBuildFile; fileRef = EHF00000000000000000025 /* AdvancedSearchView.swift */; };
		EHB00000000000000000026 /* ReadingMode.swift in Sources */ = {isa = PBXBuildFile; fileRef = EHF00000000000000000026 /* ReadingMode.swift */; };
		EHB00000000000000000027 /* ReaderPage.swift in Sources */ = {isa = PBXBuildFile; fileRef = EHF00000000000000000027 /* ReaderPage.swift */; };
		EHB0000000000000000003D /* ReaderMediaView.swift in Sources */ = {isa = PBXBuildFile; fileRef = EHF0000000000000000003D /* ReaderMediaView.swift */; };
		EHB00000000000000000028 /* ReaderPositionState.swift in Sources */ = {isa = PBXBuildFile; fileRef = EHF00000000000000000028 /* ReaderPositionState.swift */; };
		EHB0000000000000000002B /* ReaderContinuousView.swift in Sources */ = {isa = PBXBuildFile; fileRef = EHF0000000000000000002B /* ReaderContinuousView.swift */; };
		EHB0000000000000000002C /* ReaderPagedView.swift in Sources */ = {isa = PBXBuildFile; fileRef = EHF0000000000000000002C /* ReaderPagedView.swift */; };
		EHB0000000000000000002D /* icon.icon in Resources */ = {isa = PBXBuildFile; fileRef = EHF0000000000000000002D /* icon.icon */; };
		EHB0000000000000000002E /* PasswordLoginSheet.swift in Sources */ = {isa = PBXBuildFile; fileRef = EHF0000000000000000002E /* PasswordLoginSheet.swift */; };
		EHB0000000000000000002F /* CookieLoginSheet.swift in Sources */ = {isa = PBXBuildFile; fileRef = EHF0000000000000000002F /* CookieLoginSheet.swift */; };
		EHB00000000000000000030 /* WebLoginSheet.swift in Sources */ = {isa = PBXBuildFile; fileRef = EHF00000000000000000030 /* WebLoginSheet.swift */; };
		EHB00000000000000000031 /* WebLoginCookieSupport.swift in Sources */ = {isa = PBXBuildFile; fileRef = EHF00000000000000000031 /* WebLoginCookieSupport.swift */; };
		EHB00000000000000000032 /* SiteWebView.swift in Sources */ = {isa = PBXBuildFile; fileRef = EHF00000000000000000032 /* SiteWebView.swift */; };
		EHB00000000000000000033 /* BrowseSearchSuggestions.swift in Sources */ = {isa = PBXBuildFile; fileRef = EHF00000000000000000033 /* BrowseSearchSuggestions.swift */; };
		EHB00000000000000000034 /* ReadingSettings.swift in Sources */ = {isa = PBXBuildFile; fileRef = EHF00000000000000000034 /* ReadingSettings.swift */; };
		EHB00000000000000000035 /* MigrationDocument.swift in Sources */ = {isa = PBXBuildFile; fileRef = EHF00000000000000000035 /* MigrationDocument.swift */; };
		EHB00000000000000000037 /* VolumeButtonMonitor.swift in Sources */ = {isa = PBXBuildFile; fileRef = EHF00000000000000000037 /* VolumeButtonMonitor.swift */; };
		EHB00000000000000000039 /* PhotoLibrarySaver.swift in Sources */ = {isa = PBXBuildFile; fileRef = EHF00000000000000000039 /* PhotoLibrarySaver.swift */; };
		EHB0000000000000000003A /* ReaderSettingsMenu.swift in Sources */ = {isa = PBXBuildFile; fileRef = EHF0000000000000000003A /* ReaderSettingsMenu.swift */; };
		EHB00000000000000000045 /* GalleryCategoryBadge.swift in Sources */ = {isa = PBXBuildFile; fileRef = EHF00000000000000000045 /* GalleryCategoryBadge.swift */; };
		EHB00000000000000000046 /* TagFlowLayout.swift in Sources */ = {isa = PBXBuildFile; fileRef = EHF00000000000000000046 /* TagFlowLayout.swift */; };
		EHB00000000000000000047 /* ShareSheet.swift in Sources */ = {isa = PBXBuildFile; fileRef = EHF00000000000000000047 /* ShareSheet.swift */; };
		EHB0000000000000000003B /* BrowsePageModel.swift in Sources */ = {isa = PBXBuildFile; fileRef = EHF0000000000000000003B /* BrowsePageModel.swift */; };
		EHB0000000000000000003C /* HomeBrowseView.swift in Sources */ = {isa = PBXBuildFile; fileRef = EHF0000000000000000003C /* HomeBrowseView.swift */; };
		EHB00000000000000000040 /* ReaderPageWindow.swift in Sources */ = {isa = PBXBuildFile; fileRef = EHF00000000000000000040 /* ReaderPageWindow.swift */; };
		EHB00000000000000000041 /* ReaderProgressControl.swift in Sources */ = {isa = PBXBuildFile; fileRef = EHF00000000000000000041 /* ReaderProgressControl.swift */; };
		EHB00000000000000000042 /* ReaderThumbnailStrip.swift in Sources */ = {isa = PBXBuildFile; fileRef = EHF00000000000000000042 /* ReaderThumbnailStrip.swift */; };
		EHB00000000000000000043 /* ReaderThumbnailView.swift in Sources */ = {isa = PBXBuildFile; fileRef = EHF00000000000000000043 /* ReaderThumbnailView.swift */; };
		EHB00000000000000000044 /* ReaderThumbnailLoader.swift in Sources */ = {isa = PBXBuildFile; fileRef = EHF00000000000000000044 /* ReaderThumbnailLoader.swift */; };
/* End PBXBuildFile section */

/* Begin PBXContainerItemProxy section */
		EHPROXY00000000000000020 /* PBXContainerItemProxy */ = {
			isa = PBXContainerItemProxy;
			containerPortal = EHP00000000000000000010 /* Project object */;
			proxyType = 1;
			remoteGlobalIDString = EHT00000000000000000001;
			remoteInfo = EhViewer;
		};
		EHPROXY00000000000000021 /* PBXContainerItemProxy */ = {
			isa = PBXContainerItemProxy;
			containerPortal = EHP00000000000000000010 /* Project object */;
			proxyType = 1;
			remoteGlobalIDString = EHT00000000000000000021;
			remoteInfo = EhViewerShare;
		};
/* End PBXContainerItemProxy section */

/* Begin PBXCopyFilesBuildPhase section */
		EHP00000000000000000022 /* Embed Foundation Extensions */ = {
			isa = PBXCopyFilesBuildPhase;
			buildActionMask = 2147483647;
			dstPath = "";
			dstSubfolderSpec = 13;
			files = (
				EHB00000000000000000023 /* EhViewerShare.appex in Embed Foundation Extensions */,
			);
			name = "Embed Foundation Extensions";
			runOnlyForDeploymentPostprocessing = 0;
		};
/* End PBXCopyFilesBuildPhase section */

/* Begin PBXFileReference section */
		EHF00000000000000000001 /* AppModel.swift */ = {isa = PBXFileReference; lastKnownFileType = sourcecode.swift; path = AppModel.swift; sourceTree = "<group>"; };
		EHF00000000000000000038 /* AppTheme.swift */ = {isa = PBXFileReference; lastKnownFileType = sourcecode.swift; path = AppTheme.swift; sourceTree = "<group>"; };
		EHF00000000000000000002 /* BrowseView.swift */ = {isa = PBXFileReference; lastKnownFileType = sourcecode.swift; path = BrowseView.swift; sourceTree = "<group>"; };
		EHF00000000000000000003 /* DownloadsView.swift */ = {isa = PBXFileReference; lastKnownFileType = sourcecode.swift; path = DownloadsView.swift; sourceTree = "<group>"; };
		EHF00000000000000000004 /* EhViewerApp.swift */ = {isa = PBXFileReference; lastKnownFileType = sourcecode.swift; path = EhViewerApp.swift; sourceTree = "<group>"; };
		EHF00000000000000000005 /* GalleryDetailView.swift */ = {isa = PBXFileReference; lastKnownFileType = sourcecode.swift; path = GalleryDetailView.swift; sourceTree = "<group>"; };
		EHF0000000000000000004A /* GalleryCommentsView.swift */ = {isa = PBXFileReference; lastKnownFileType = sourcecode.swift; path = GalleryCommentsView.swift; sourceTree = "<group>"; };
		EHF00000000000000000006 /* LibraryView.swift */ = {isa = PBXFileReference; lastKnownFileType = sourcecode.swift; path = LibraryView.swift; sourceTree = "<group>"; };
		EHF00000000000000000007 /* ReaderView.swift */ = {isa = PBXFileReference; lastKnownFileType = sourcecode.swift; path = ReaderView.swift; sourceTree = "<group>"; };
		EHF00000000000000000008 /* RootView.swift */ = {isa = PBXFileReference; lastKnownFileType = sourcecode.swift; path = RootView.swift; sourceTree = "<group>"; };
		EHF0000000000000000000A /* SettingsView.swift */ = {isa = PBXFileReference; lastKnownFileType = sourcecode.swift; path = SettingsView.swift; sourceTree = "<group>"; };
		EHF0000000000000000000B /* EhViewer.app */ = {isa = PBXFileReference; explicitFileType = wrapper.application; includeInIndex = 0; path = EhViewer.app; sourceTree = BUILT_PRODUCTS_DIR; };
		EHF0000000000000000000C /* Sources/EhViewer/Resources/zh-Hans.lproj/Localizable.strings */ = {isa = PBXFileReference; lastKnownFileType = text.plist.strings; path = "Sources/EhViewer/Resources/zh-Hans.lproj/Localizable.strings"; sourceTree = "<group>"; };
		EHF0000000000000000000D /* Sources/EhViewer/Resources/en.lproj/Localizable.strings */ = {isa = PBXFileReference; lastKnownFileType = text.plist.strings; path = Sources/EhViewer/Resources/en.lproj/Localizable.strings; sourceTree = "<group>"; };
		EHF0000000000000000000F /* Sources/EhViewer/Resources/zh-Hant.lproj/Localizable.strings */ = {isa = PBXFileReference; lastKnownFileType = text.plist.strings; path = "Sources/EhViewer/Resources/zh-Hant.lproj/Localizable.strings"; sourceTree = "<group>"; };
		EHF00000000000000000010 /* Sources/EhViewer/Resources/ja.lproj/Localizable.strings */ = {isa = PBXFileReference; lastKnownFileType = text.plist.strings; path = Sources/EhViewer/Resources/ja.lproj/Localizable.strings; sourceTree = "<group>"; };
		EHF00000000000000000011 /* Sources/EhViewer/Resources/ko.lproj/Localizable.strings */ = {isa = PBXFileReference; lastKnownFileType = text.plist.strings; path = Sources/EhViewer/Resources/ko.lproj/Localizable.strings; sourceTree = "<group>"; };
		EHF00000000000000000012 /* Sources/EhViewer/Resources/es.lproj/Localizable.strings */ = {isa = PBXFileReference; lastKnownFileType = text.plist.strings; path = Sources/EhViewer/Resources/es.lproj/Localizable.strings; sourceTree = "<group>"; };
		EHF00000000000000000013 /* Sources/EhViewer/Resources/fr.lproj/Localizable.strings */ = {isa = PBXFileReference; lastKnownFileType = text.plist.strings; path = Sources/EhViewer/Resources/fr.lproj/Localizable.strings; sourceTree = "<group>"; };
		EHF00000000000000000014 /* Sources/EhViewer/Resources/de.lproj/Localizable.strings */ = {isa = PBXFileReference; lastKnownFileType = text.plist.strings; path = Sources/EhViewer/Resources/de.lproj/Localizable.strings; sourceTree = "<group>"; };
		EHF00000000000000000015 /* Sources/EhViewer/Resources/th.lproj/Localizable.strings */ = {isa = PBXFileReference; lastKnownFileType = text.plist.strings; path = Sources/EhViewer/Resources/th.lproj/Localizable.strings; sourceTree = "<group>"; };
		EHF00000000000000000016 /* LocalArchiveView.swift */ = {isa = PBXFileReference; lastKnownFileType = sourcecode.swift; path = LocalArchiveView.swift; sourceTree = "<group>"; };
		EHF00000000000000000017 /* ShareViewController.swift */ = {isa = PBXFileReference; lastKnownFileType = sourcecode.swift; path = ShareViewController.swift; sourceTree = "<group>"; };
		EHF00000000000000000018 /* Info.plist */ = {isa = PBXFileReference; lastKnownFileType = text.plist.xml; path = Info.plist; sourceTree = "<group>"; };
		EHF00000000000000000020 /* EhViewerUITests.swift */ = {isa = PBXFileReference; lastKnownFileType = sourcecode.swift; path = EhViewerUITests.swift; sourceTree = "<group>"; };
		EHF00000000000000000021 /* EhViewerUITests.xctest */ = {isa = PBXFileReference; explicitFileType = wrapper.cfbundle; includeInIndex = 0; path = EhViewerUITests.xctest; sourceTree = BUILT_PRODUCTS_DIR; };
		EHF00000000000000000022 /* EhViewerShare.appex */ = {isa = PBXFileReference; explicitFileType = "wrapper.app-extension"; includeInIndex = 0; path = EhViewerShare.appex; sourceTree = BUILT_PRODUCTS_DIR; };
		EHF00000000000000000024 /* BrowsePaginationFooter.swift */ = {isa = PBXFileReference; lastKnownFileType = sourcecode.swift; path = BrowsePaginationFooter.swift; sourceTree = "<group>"; };
		EHF00000000000000000025 /* AdvancedSearchView.swift */ = {isa = PBXFileReference; lastKnownFileType = sourcecode.swift; path = AdvancedSearchView.swift; sourceTree = "<group>"; };
		EHF00000000000000000026 /* ReadingMode.swift */ = {isa = PBXFileReference; lastKnownFileType = sourcecode.swift; path = ReadingMode.swift; sourceTree = "<group>"; };
		EHF00000000000000000027 /* ReaderPage.swift */ = {isa = PBXFileReference; lastKnownFileType = sourcecode.swift; path = ReaderPage.swift; sourceTree = "<group>"; };
		EHF0000000000000000003D /* ReaderMediaView.swift */ = {isa = PBXFileReference; lastKnownFileType = sourcecode.swift; path = ReaderMediaView.swift; sourceTree = "<group>"; };
		EHF00000000000000000028 /* ReaderPositionState.swift */ = {isa = PBXFileReference; lastKnownFileType = sourcecode.swift; path = ReaderPositionState.swift; sourceTree = "<group>"; };
		EHF0000000000000000002B /* ReaderContinuousView.swift */ = {isa = PBXFileReference; lastKnownFileType = sourcecode.swift; path = ReaderContinuousView.swift; sourceTree = "<group>"; };
		EHF0000000000000000002C /* ReaderPagedView.swift */ = {isa = PBXFileReference; lastKnownFileType = sourcecode.swift; path = ReaderPagedView.swift; sourceTree = "<group>"; };
		EHF0000000000000000002D /* icon.icon */ = {isa = PBXFileReference; lastKnownFileType = folder.iconcomposer.icon; path = icon.icon; sourceTree = "<group>"; };
		EHF0000000000000000002E /* PasswordLoginSheet.swift */ = {isa = PBXFileReference; lastKnownFileType = sourcecode.swift; path = PasswordLoginSheet.swift; sourceTree = "<group>"; };
		EHF0000000000000000002F /* CookieLoginSheet.swift */ = {isa = PBXFileReference; lastKnownFileType = sourcecode.swift; path = CookieLoginSheet.swift; sourceTree = "<group>"; };
		EHF00000000000000000030 /* WebLoginSheet.swift */ = {isa = PBXFileReference; lastKnownFileType = sourcecode.swift; path = WebLoginSheet.swift; sourceTree = "<group>"; };
		EHF00000000000000000031 /* WebLoginCookieSupport.swift */ = {isa = PBXFileReference; lastKnownFileType = sourcecode.swift; path = WebLoginCookieSupport.swift; sourceTree = "<group>"; };
		EHF00000000000000000032 /* SiteWebView.swift */ = {isa = PBXFileReference; lastKnownFileType = sourcecode.swift; path = SiteWebView.swift; sourceTree = "<group>"; };
		EHF00000000000000000033 /* BrowseSearchSuggestions.swift */ = {isa = PBXFileReference; lastKnownFileType = sourcecode.swift; path = BrowseSearchSuggestions.swift; sourceTree = "<group>"; };
		EHF00000000000000000034 /* ReadingSettings.swift */ = {isa = PBXFileReference; lastKnownFileType = sourcecode.swift; path = ReadingSettings.swift; sourceTree = "<group>"; };
		EHF00000000000000000035 /* MigrationDocument.swift */ = {isa = PBXFileReference; lastKnownFileType = sourcecode.swift; path = MigrationDocument.swift; sourceTree = "<group>"; };
		EHF00000000000000000037 /* VolumeButtonMonitor.swift */ = {isa = PBXFileReference; lastKnownFileType = sourcecode.swift; path = VolumeButtonMonitor.swift; sourceTree = "<group>"; };
		EHF00000000000000000039 /* PhotoLibrarySaver.swift */ = {isa = PBXFileReference; lastKnownFileType = sourcecode.swift; path = PhotoLibrarySaver.swift; sourceTree = "<group>"; };
		EHF0000000000000000003A /* ReaderSettingsMenu.swift */ = {isa = PBXFileReference; lastKnownFileType = sourcecode.swift; path = ReaderSettingsMenu.swift; sourceTree = "<group>"; };
		EHF00000000000000000045 /* GalleryCategoryBadge.swift */ = {isa = PBXFileReference; lastKnownFileType = sourcecode.swift; path = GalleryCategoryBadge.swift; sourceTree = "<group>"; };
		EHF00000000000000000046 /* TagFlowLayout.swift */ = {isa = PBXFileReference; lastKnownFileType = sourcecode.swift; path = TagFlowLayout.swift; sourceTree = "<group>"; };
		EHF00000000000000000047 /* ShareSheet.swift */ = {isa = PBXFileReference; lastKnownFileType = sourcecode.swift; path = ShareSheet.swift; sourceTree = "<group>"; };
		EHF00000000000000000048 /* Info.plist */ = {isa = PBXFileReference; lastKnownFileType = text.plist.xml; path = Info.plist; sourceTree = "<group>"; };
		EHF00000000000000000049 /* Info-macOS.plist */ = {isa = PBXFileReference; lastKnownFileType = text.plist.xml; path = Info-macOS.plist; sourceTree = "<group>"; };
		EHF0000000000000000003B /* BrowsePageModel.swift */ = {isa = PBXFileReference; lastKnownFileType = sourcecode.swift; path = BrowsePageModel.swift; sourceTree = "<group>"; };
		EHF0000000000000000003C /* HomeBrowseView.swift */ = {isa = PBXFileReference; lastKnownFileType = sourcecode.swift; path = HomeBrowseView.swift; sourceTree = "<group>"; };
		EHF00000000000000000040 /* ReaderPageWindow.swift */ = {isa = PBXFileReference; lastKnownFileType = sourcecode.swift; path = ReaderPageWindow.swift; sourceTree = "<group>"; };
		EHF00000000000000000041 /* ReaderProgressControl.swift */ = {isa = PBXFileReference; lastKnownFileType = sourcecode.swift; path = ReaderProgressControl.swift; sourceTree = "<group>"; };
		EHF00000000000000000042 /* ReaderThumbnailStrip.swift */ = {isa = PBXFileReference; lastKnownFileType = sourcecode.swift; path = ReaderThumbnailStrip.swift; sourceTree = "<group>"; };
		EHF00000000000000000043 /* ReaderThumbnailView.swift */ = {isa = PBXFileReference; lastKnownFileType = sourcecode.swift; path = ReaderThumbnailView.swift; sourceTree = "<group>"; };
		EHF00000000000000000044 /* ReaderThumbnailLoader.swift */ = {isa = PBXFileReference; lastKnownFileType = sourcecode.swift; path = ReaderThumbnailLoader.swift; sourceTree = "<group>"; };
/* End PBXFileReference section */

/* Begin PBXFrameworksBuildPhase section */
		EHP00000000000000000003 /* Frameworks */ = {
			isa = PBXFrameworksBuildPhase;
			buildActionMask = 2147483647;
			files = (
				0DA4185A302C7798007B166F /* EHDownloads in Frameworks */,
				0DA41859302C7798007B166F /* EHPersistence in Frameworks */,
				0DA41858302C7798007B166F /* EHNetworking in Frameworks */,
				0DA41857302C7798007B166F /* EHDomain in Frameworks */,
			);
			runOnlyForDeploymentPostprocessing = 0;
		};
		EHP00000000000000000021 /* Frameworks */ = {
			isa = PBXFrameworksBuildPhase;
			buildActionMask = 2147483647;
			files = (
			);
			runOnlyForDeploymentPostprocessing = 0;
		};
		EHP00000000000000000024 /* Frameworks */ = {
			isa = PBXFrameworksBuildPhase;
			buildActionMask = 2147483647;
			files = (
			);
			runOnlyForDeploymentPostprocessing = 0;
		};
/* End PBXFrameworksBuildPhase section */

/* Begin PBXGroup section */
		EHG00000000000000000001 = {
			isa = PBXGroup;
			children = (
				EHF0000000000000000002D /* icon.icon */,
				EHG00000000000000000002 /* Sources/EhViewer */,
				EHF0000000000000000000C /* Sources/EhViewer/Resources/zh-Hans.lproj/Localizable.strings */,
				EHF0000000000000000000D /* Sources/EhViewer/Resources/en.lproj/Localizable.strings */,
				EHF0000000000000000000F /* Sources/EhViewer/Resources/zh-Hant.lproj/Localizable.strings */,
				EHF00000000000000000010 /* Sources/EhViewer/Resources/ja.lproj/Localizable.strings */,
				EHF00000000000000000011 /* Sources/EhViewer/Resources/ko.lproj/Localizable.strings */,
				EHF00000000000000000012 /* Sources/EhViewer/Resources/es.lproj/Localizable.strings */,
				EHF00000000000000000013 /* Sources/EhViewer/Resources/fr.lproj/Localizable.strings */,
				EHF00000000000000000014 /* Sources/EhViewer/Resources/de.lproj/Localizable.strings */,
				EHF00000000000000000015 /* Sources/EhViewer/Resources/th.lproj/Localizable.strings */,
				EHG00000000000000000003 /* Products */,
				EHG00000000000000000020 /* Tests/EhViewerUITests */,
				EHG00000000000000000021 /* Sources/EhViewerShare */,
			);
			sourceTree = "<group>";
		};
		EHG00000000000000000002 /* Sources/EhViewer */ = {
			isa = PBXGroup;
			children = (
				EHF00000000000000000025 /* AdvancedSearchView.swift */,
				EHF00000000000000000001 /* AppModel.swift */,
				EHF00000000000000000038 /* AppTheme.swift */,
				EHF00000000000000000002 /* BrowseView.swift */,
				EHF00000000000000000033 /* BrowseSearchSuggestions.swift */,
				EHF0000000000000000003B /* BrowsePageModel.swift */,
				EHF0000000000000000003C /* HomeBrowseView.swift */,
				EHF00000000000000000045 /* GalleryCategoryBadge.swift */,
				EHF00000000000000000046 /* TagFlowLayout.swift */,
				EHF00000000000000000024 /* BrowsePaginationFooter.swift */,
				EHF0000000000000000002F /* CookieLoginSheet.swift */,
				EHF00000000000000000003 /* DownloadsView.swift */,
				EHF00000000000000000004 /* EhViewerApp.swift */,
				EHF00000000000000000005 /* GalleryDetailView.swift */,
				EHF0000000000000000004A /* GalleryCommentsView.swift */,
				EHF00000000000000000006 /* LibraryView.swift */,
				EHF0000000000000000002E /* PasswordLoginSheet.swift */,
				EHF00000000000000000026 /* ReadingMode.swift */,
				EHF0000000000000000002B /* ReaderContinuousView.swift */,
				EHF0000000000000000003D /* ReaderMediaView.swift */,
				EHF00000000000000000027 /* ReaderPage.swift */,
				EHF0000000000000000002C /* ReaderPagedView.swift */,
				EHF00000000000000000028 /* ReaderPositionState.swift */,
				EHF00000000000000000007 /* ReaderView.swift */,
				EHF00000000000000000008 /* RootView.swift */,
				EHF0000000000000000000A /* SettingsView.swift */,
				EHF00000000000000000032 /* SiteWebView.swift */,
				EHF00000000000000000031 /* WebLoginCookieSupport.swift */,
				EHF00000000000000000030 /* WebLoginSheet.swift */,
				EHF00000000000000000016 /* LocalArchiveView.swift */,
				EHF00000000000000000034 /* ReadingSettings.swift */,
				EHF00000000000000000035 /* MigrationDocument.swift */,
				EHF00000000000000000039 /* PhotoLibrarySaver.swift */,
				EHF0000000000000000003A /* ReaderSettingsMenu.swift */,
				EHF00000000000000000037 /* VolumeButtonMonitor.swift */,
				EHF00000000000000000040 /* ReaderPageWindow.swift */,
				EHF00000000000000000041 /* ReaderProgressControl.swift */,
				EHF00000000000000000042 /* ReaderThumbnailStrip.swift */,
				EHF00000000000000000043 /* ReaderThumbnailView.swift */,
				EHF00000000000000000044 /* ReaderThumbnailLoader.swift */,
				EHF00000000000000000047 /* ShareSheet.swift */,
				EHF00000000000000000048 /* Info.plist */,
				EHF00000000000000000049 /* Info-macOS.plist */,
			);
			path = Sources/EhViewer;
			sourceTree = "<group>";
		};
		EHG00000000000000000003 /* Products */ = {
			isa = PBXGroup;
			children = (
				EHF0000000000000000000B /* EhViewer.app */,
				EHF00000000000000000021 /* EhViewerUITests.xctest */,
				EHF00000000000000000022 /* EhViewerShare.appex */,
			);
			name = Products;
			sourceTree = "<group>";
		};
		EHG00000000000000000020 /* Tests/EhViewerUITests */ = {
			isa = PBXGroup;
			children = (
				EHF00000000000000000020 /* EhViewerUITests.swift */,
			);
			path = Tests/EhViewerUITests;
			sourceTree = "<group>";
		};
		EHG00000000000000000021 /* Sources/EhViewerShare */ = {
			isa = PBXGroup;
			children = (
				EHF00000000000000000017 /* ShareViewController.swift */,
				EHF00000000000000000018 /* Info.plist */,
			);
			path = Sources/EhViewerShare;
			sourceTree = "<group>";
		};
/* End PBXGroup section */

/* Begin PBXNativeTarget section */
		EHT00000000000000000001 /* EhViewer */ = {
			isa = PBXNativeTarget;
			buildConfigurationList = EHL00000000000000000002 /* Build configuration list for PBXNativeTarget "EhViewer" */;
			buildPhases = (
				EHP00000000000000000001 /* Sources */,
				EHP00000000000000000002 /* Resources */,
				EHP00000000000000000003 /* Frameworks */,
				EHP00000000000000000022 /* Embed Foundation Extensions */,
			);
			buildRules = (
			);
			dependencies = (
				EHDPT000000000000000021 /* PBXTargetDependency */,
			);
			name = EhViewer;
			packageProductDependencies = (
				EHD00000000000000000001 /* EHDomain */,
				EHD00000000000000000002 /* EHNetworking */,
				EHD00000000000000000003 /* EHPersistence */,
				EHD00000000000000000004 /* EHDownloads */,
			);
			productName = EhViewer;
			productReference = EHF0000000000000000000B /* EhViewer.app */;
			productType = "com.apple.product-type.application";
		};
		EHT00000000000000000020 /* EhViewerUITests */ = {
			isa = PBXNativeTarget;
			buildConfigurationList = EHL00000000000000000020 /* Build configuration list for PBXNativeTarget "EhViewerUITests" */;
			buildPhases = (
				EHP00000000000000000020 /* Sources */,
				EHP00000000000000000021 /* Frameworks */,
			);
			buildRules = (
			);
			dependencies = (
				EHDPT000000000000000020 /* PBXTargetDependency */,
			);
			name = EhViewerUITests;
			productName = EhViewerUITests;
			productReference = EHF00000000000000000021 /* EhViewerUITests.xctest */;
			productType = "com.apple.product-type.bundle.ui-testing";
		};
		EHT00000000000000000021 /* EhViewerShare */ = {
			isa = PBXNativeTarget;
			buildConfigurationList = EHL00000000000000000021 /* Build configuration list for PBXNativeTarget "EhViewerShare" */;
			buildPhases = (
				EHP00000000000000000023 /* Sources */,
				EHP00000000000000000024 /* Frameworks */,
			);
			buildRules = (
			);
			dependencies = (
			);
			name = EhViewerShare;
			productName = EhViewerShare;
			productReference = EHF00000000000000000022 /* EhViewerShare.appex */;
			productType = "com.apple.product-type.app-extension";
		};
/* End PBXNativeTarget section */

/* Begin PBXProject section */
		EHP00000000000000000010 /* Project object */ = {
			isa = PBXProject;
			attributes = {
				BuildIndependentTargetsInParallel = 1;
				LastUpgradeCheck = 2660;
				TargetAttributes = {
					EHT00000000000000000001 = {
						CreatedOnToolsVersion = 26.0;
						ProvisioningStyle = Automatic;
					};
					EHT00000000000000000020 = {
						CreatedOnToolsVersion = 26.0;
						ProvisioningStyle = Automatic;
					};
					EHT00000000000000000021 = {
						CreatedOnToolsVersion = 26.0;
						ProvisioningStyle = Automatic;
					};
				};
			};
			buildConfigurationList = EHL00000000000000000001 /* Build configuration list for PBXProject "EhViewer" */;
			compatibilityVersion = "Xcode 16.0";
			developmentRegion = en;
			hasScannedForEncodings = 0;
			knownRegions = (
				Base,
				en,
				"zh-Hans",
				"zh-Hant",
				ja,
				ko,
				es,
				fr,
				de,
				th,
			);
			mainGroup = EHG00000000000000000001;
			packageReferences = (
				EHPKG000000000000000001 /* XCLocalSwiftPackageReference "." */,
			);
			productRefGroup = EHG00000000000000000003 /* Products */;
			projectDirPath = "";
			projectRoot = "";
			targets = (
				EHT00000000000000000001 /* EhViewer */,
				EHT00000000000000000020 /* EhViewerUITests */,
				EHT00000000000000000021 /* EhViewerShare */,
			);
		};
/* End PBXProject section */

/* Begin PBXResourcesBuildPhase section */
		EHP00000000000000000002 /* Resources */ = {
			isa = PBXResourcesBuildPhase;
			buildActionMask = 2147483647;
			files = (
				EHB0000000000000000002D /* icon.icon in Resources */,
				EHB0000000000000000000B /* Sources/EhViewer/Resources/zh-Hans.lproj/Localizable.strings in Resources */,
				EHB0000000000000000000C /* Sources/EhViewer/Resources/en.lproj/Localizable.strings in Resources */,
				EHB0000000000000000000F /* Sources/EhViewer/Resources/zh-Hant.lproj/Localizable.strings in Resources */,
				EHB00000000000000000010 /* Sources/EhViewer/Resources/ja.lproj/Localizable.strings in Resources */,
				EHB00000000000000000011 /* Sources/EhViewer/Resources/ko.lproj/Localizable.strings in Resources */,
				EHB00000000000000000012 /* Sources/EhViewer/Resources/es.lproj/Localizable.strings in Resources */,
				EHB00000000000000000013 /* Sources/EhViewer/Resources/fr.lproj/Localizable.strings in Resources */,
				EHB00000000000000000014 /* Sources/EhViewer/Resources/de.lproj/Localizable.strings in Resources */,
				EHB00000000000000000015 /* Sources/EhViewer/Resources/th.lproj/Localizable.strings in Resources */,
			);
			runOnlyForDeploymentPostprocessing = 0;
		};
/* End PBXResourcesBuildPhase section */

/* Begin PBXSourcesBuildPhase section */
		EHP00000000000000000001 /* Sources */ = {
			isa = PBXSourcesBuildPhase;
			buildActionMask = 2147483647;
			files = (
				EHB00000000000000000025 /* AdvancedSearchView.swift in Sources */,
				EHB00000000000000000001 /* AppModel.swift in Sources */,
				EHB00000000000000000038 /* AppTheme.swift in Sources */,
				EHB00000000000000000002 /* BrowseView.swift in Sources */,
				EHB00000000000000000033 /* BrowseSearchSuggestions.swift in Sources */,
				EHB00000000000000000045 /* GalleryCategoryBadge.swift in Sources */,
				EHB00000000000000000046 /* TagFlowLayout.swift in Sources */,
				EHB00000000000000000024 /* BrowsePaginationFooter.swift in Sources */,
				EHB0000000000000000002F /* CookieLoginSheet.swift in Sources */,
				EHB00000000000000000003 /* DownloadsView.swift in Sources */,
				EHB00000000000000000004 /* EhViewerApp.swift in Sources */,
				EHB00000000000000000005 /* GalleryDetailView.swift in Sources */,
				EHB0000000000000000004A /* GalleryCommentsView.swift in Sources */,
				EHB00000000000000000006 /* LibraryView.swift in Sources */,
				EHB0000000000000000002E /* PasswordLoginSheet.swift in Sources */,
				EHB00000000000000000026 /* ReadingMode.swift in Sources */,
				EHB0000000000000000002B /* ReaderContinuousView.swift in Sources */,
				EHB0000000000000000003D /* ReaderMediaView.swift in Sources */,
				EHB00000000000000000027 /* ReaderPage.swift in Sources */,
				EHB0000000000000000002C /* ReaderPagedView.swift in Sources */,
				EHB00000000000000000028 /* ReaderPositionState.swift in Sources */,
				EHB00000000000000000007 /* ReaderView.swift in Sources */,
				EHB00000000000000000008 /* RootView.swift in Sources */,
				EHB0000000000000000000A /* SettingsView.swift in Sources */,
				EHB00000000000000000032 /* SiteWebView.swift in Sources */,
				EHB00000000000000000031 /* WebLoginCookieSupport.swift in Sources */,
				EHB00000000000000000030 /* WebLoginSheet.swift in Sources */,
				EHB00000000000000000021 /* LocalArchiveView.swift in Sources */,
				EHB00000000000000000034 /* ReadingSettings.swift in Sources */,
				EHB00000000000000000035 /* MigrationDocument.swift in Sources */,
				EHB00000000000000000039 /* PhotoLibrarySaver.swift in Sources */,
				EHB0000000000000000003A /* ReaderSettingsMenu.swift in Sources */,
				EHB0000000000000000003B /* BrowsePageModel.swift in Sources */,
				EHB0000000000000000003C /* HomeBrowseView.swift in Sources */,
				EHB00000000000000000037 /* VolumeButtonMonitor.swift in Sources */,
				EHB00000000000000000040 /* ReaderPageWindow.swift in Sources */,
				EHB00000000000000000041 /* ReaderProgressControl.swift in Sources */,
				EHB00000000000000000042 /* ReaderThumbnailStrip.swift in Sources */,
				EHB00000000000000000043 /* ReaderThumbnailView.swift in Sources */,
				EHB00000000000000000044 /* ReaderThumbnailLoader.swift in Sources */,
				EHB00000000000000000047 /* ShareSheet.swift in Sources */,
			);
			runOnlyForDeploymentPostprocessing = 0;
		};
		EHP00000000000000000020 /* Sources */ = {
			isa = PBXSourcesBuildPhase;
			buildActionMask = 2147483647;
			files = (
				EHB00000000000000000020 /* EhViewerUITests.swift in Sources */,
			);
			runOnlyForDeploymentPostprocessing = 0;
		};
		EHP00000000000000000023 /* Sources */ = {
			isa = PBXSourcesBuildPhase;
			buildActionMask = 2147483647;
			files = (
				EHB00000000000000000022 /* ShareViewController.swift in Sources */,
			);
			runOnlyForDeploymentPostprocessing = 0;
		};
/* End PBXSourcesBuildPhase section */

/* Begin PBXTargetDependency section */
		EHDPT000000000000000020 /* PBXTargetDependency */ = {
			isa = PBXTargetDependency;
			target = EHT00000000000000000001 /* EhViewer */;
			targetProxy = EHPROXY00000000000000020 /* PBXContainerItemProxy */;
		};
		EHDPT000000000000000021 /* PBXTargetDependency */ = {
			isa = PBXTargetDependency;
			platformFilters = (
				ios,
				iossimulator,
			);
			target = EHT00000000000000000021 /* EhViewerShare */;
			targetProxy = EHPROXY00000000000000021 /* PBXContainerItemProxy */;
		};
/* End PBXTargetDependency section */

/* Begin XCBuildConfiguration section */
		EHC00000000000000000001 /* Debug */ = {
			isa = XCBuildConfiguration;
			buildSettings = {
				CLANG_ENABLE_MODULES = YES;
				ONLY_ACTIVE_ARCH = YES;
				SWIFT_STRICT_CONCURRENCY = complete;
				SWIFT_VERSION = 6.0;
			};
			name = Debug;
		};
		EHC00000000000000000002 /* Release */ = {
			isa = XCBuildConfiguration;
			buildSettings = {
				CLANG_ENABLE_MODULES = YES;
				ONLY_ACTIVE_ARCH = YES;
				SWIFT_STRICT_CONCURRENCY = complete;
				SWIFT_VERSION = 6.0;
			};
			name = Release;
		};
		EHC00000000000000000003 /* Debug */ = {
			isa = XCBuildConfiguration;
			buildSettings = {
				ASSETCATALOG_COMPILER_APPICON_NAME = icon;
				"CODE_SIGN_IDENTITY[sdk=macosx*]" = "Apple Development";
				CODE_SIGN_STYLE = Automatic;
				CURRENT_PROJECT_VERSION = 1;
				DEVELOPMENT_TEAM = 5Q5YFKTZ68;
				ENABLE_PREVIEWS = YES;
				GENERATE_INFOPLIST_FILE = NO;
				INFOPLIST_FILE = Sources/EhViewer/Info.plist;
				"INFOPLIST_FILE[sdk=macosx*]" = Sources/EhViewer/Info-macOS.plist;
				INFOPLIST_KEY_CFBundleDisplayName = EhViewer;
				INFOPLIST_KEY_CFBundleURLTypes = "{\n    CFBundleTypeRole = Viewer;\n    CFBundleURLSchemes =     (\n        ehviewer\n    );\n}";
				INFOPLIST_KEY_LSApplicationCategoryType = "public.app-category.entertainment";
				INFOPLIST_KEY_NSPhotoLibraryAddUsageDescription = "允许 EhViewer 将阅读器图片保存到照片";
				INFOPLIST_KEY_UILaunchScreen_Generation = YES;
				IPHONEOS_DEPLOYMENT_TARGET = 26.0;
				MACOSX_DEPLOYMENT_TARGET = 26.0;
				MARKETING_VERSION = 1.1.0;
				PRODUCT_BUNDLE_IDENTIFIER = com.liao.ehviewer;
				PRODUCT_NAME = "$(TARGET_NAME)";
				SUPPORTED_PLATFORMS = "iphoneos iphonesimulator macosx";
				SWIFT_EMIT_LOC_STRINGS = YES;
				SWIFT_OPTIMIZATION_LEVEL = "-Onone";
				TARGETED_DEVICE_FAMILY = "1,2";
			};
			name = Debug;
		};
		EHC00000000000000000004 /* Release */ = {
			isa = XCBuildConfiguration;
			buildSettings = {
				ASSETCATALOG_COMPILER_APPICON_NAME = icon;
				"CODE_SIGN_IDENTITY[sdk=macosx*]" = "Apple Development";
				CODE_SIGN_STYLE = Automatic;
				CURRENT_PROJECT_VERSION = 1;
				DEVELOPMENT_TEAM = 5Q5YFKTZ68;
				ENABLE_NS_ASSERTIONS = NO;
				ENABLE_PREVIEWS = YES;
				GENERATE_INFOPLIST_FILE = NO;
				INFOPLIST_FILE = Sources/EhViewer/Info.plist;
				"INFOPLIST_FILE[sdk=macosx*]" = Sources/EhViewer/Info-macOS.plist;
				INFOPLIST_KEY_CFBundleDisplayName = EhViewer;
				INFOPLIST_KEY_CFBundleURLTypes = "{\n    CFBundleTypeRole = Viewer;\n    CFBundleURLSchemes =     (\n        ehviewer\n    );\n}";
				INFOPLIST_KEY_LSApplicationCategoryType = "public.app-category.entertainment";
				INFOPLIST_KEY_NSPhotoLibraryAddUsageDescription = "允许 EhViewer 将阅读器图片保存到照片";
				INFOPLIST_KEY_UILaunchScreen_Generation = YES;
				IPHONEOS_DEPLOYMENT_TARGET = 26.0;
				MACOSX_DEPLOYMENT_TARGET = 26.0;
				MARKETING_VERSION = 1.1.0;
				PRODUCT_BUNDLE_IDENTIFIER = com.liao.ehviewer;
				PRODUCT_NAME = "$(TARGET_NAME)";
				SUPPORTED_PLATFORMS = "iphoneos iphonesimulator macosx";
				SWIFT_COMPILATION_MODE = wholemodule;
				SWIFT_EMIT_LOC_STRINGS = YES;
				SWIFT_OPTIMIZATION_LEVEL = "-O";
				TARGETED_DEVICE_FAMILY = "1,2";
			};
			name = Release;
		};
		EHC00000000000000000020 /* Debug */ = {
			isa = XCBuildConfiguration;
			buildSettings = {
				CODE_SIGN_STYLE = Automatic;
				GENERATE_INFOPLIST_FILE = YES;
				IPHONEOS_DEPLOYMENT_TARGET = 26.0;
				PRODUCT_BUNDLE_IDENTIFIER = com.liao.ehviewer.uitests;
				PRODUCT_NAME = "$(TARGET_NAME)";
				SUPPORTED_PLATFORMS = "iphoneos iphonesimulator";
				SWIFT_STRICT_CONCURRENCY = complete;
				SWIFT_VERSION = 6.0;
				TARGETED_DEVICE_FAMILY = "1,2";
				TEST_TARGET_NAME = EhViewer;
			};
			name = Debug;
		};
		EHC00000000000000000021 /* Release */ = {
			isa = XCBuildConfiguration;
			buildSettings = {
				CODE_SIGN_STYLE = Automatic;
				GENERATE_INFOPLIST_FILE = YES;
				IPHONEOS_DEPLOYMENT_TARGET = 26.0;
				PRODUCT_BUNDLE_IDENTIFIER = com.liao.ehviewer.uitests;
				PRODUCT_NAME = "$(TARGET_NAME)";
				SUPPORTED_PLATFORMS = "iphoneos iphonesimulator";
				SWIFT_COMPILATION_MODE = wholemodule;
				SWIFT_STRICT_CONCURRENCY = complete;
				SWIFT_VERSION = 6.0;
				TARGETED_DEVICE_FAMILY = "1,2";
				TEST_TARGET_NAME = EhViewer;
			};
			name = Release;
		};
		EHC00000000000000000022 /* Debug */ = {
			isa = XCBuildConfiguration;
			buildSettings = {
				CODE_SIGN_STYLE = Automatic;
				CURRENT_PROJECT_VERSION = 1;
				DEVELOPMENT_TEAM = 5Q5YFKTZ68;
				GENERATE_INFOPLIST_FILE = NO;
				INFOPLIST_FILE = Sources/EhViewerShare/Info.plist;
				IPHONEOS_DEPLOYMENT_TARGET = 26.0;
				MARKETING_VERSION = 1.1.0;
				PRODUCT_BUNDLE_IDENTIFIER = com.liao.ehviewer.share;
				PRODUCT_NAME = "$(TARGET_NAME)";
				SKIP_INSTALL = YES;
				SUPPORTED_PLATFORMS = "iphoneos iphonesimulator";
				SWIFT_STRICT_CONCURRENCY = complete;
				SWIFT_VERSION = 6.0;
				TARGETED_DEVICE_FAMILY = "1,2";
			};
			name = Debug;
		};
		EHC00000000000000000023 /* Release */ = {
			isa = XCBuildConfiguration;
			buildSettings = {
				CODE_SIGN_STYLE = Automatic;
				CURRENT_PROJECT_VERSION = 1;
				DEVELOPMENT_TEAM = 5Q5YFKTZ68;
				GENERATE_INFOPLIST_FILE = NO;
				INFOPLIST_FILE = Sources/EhViewerShare/Info.plist;
				IPHONEOS_DEPLOYMENT_TARGET = 26.0;
				MARKETING_VERSION = 1.1.0;
				PRODUCT_BUNDLE_IDENTIFIER = com.liao.ehviewer.share;
				PRODUCT_NAME = "$(TARGET_NAME)";
				SKIP_INSTALL = YES;
				SUPPORTED_PLATFORMS = "iphoneos iphonesimulator";
				SWIFT_COMPILATION_MODE = wholemodule;
				SWIFT_STRICT_CONCURRENCY = complete;
				SWIFT_VERSION = 6.0;
				TARGETED_DEVICE_FAMILY = "1,2";
			};
			name = Release;
		};
/* End XCBuildConfiguration section */

/* Begin XCConfigurationList section */
		EHL00000000000000000001 /* Build configuration list for PBXProject "EhViewer" */ = {
			isa = XCConfigurationList;
			buildConfigurations = (
				EHC00000000000000000001 /* Debug */,
				EHC00000000000000000002 /* Release */,
			);
			defaultConfigurationIsVisible = 0;
			defaultConfigurationName = Release;
		};
		EHL00000000000000000002 /* Build configuration list for PBXNativeTarget "EhViewer" */ = {
			isa = XCConfigurationList;
			buildConfigurations = (
				EHC00000000000000000003 /* Debug */,
				EHC00000000000000000004 /* Release */,
			);
			defaultConfigurationIsVisible = 0;
			defaultConfigurationName = Release;
		};
		EHL00000000000000000020 /* Build configuration list for PBXNativeTarget "EhViewerUITests" */ = {
			isa = XCConfigurationList;
			buildConfigurations = (
				EHC00000000000000000020 /* Debug */,
				EHC00000000000000000021 /* Release */,
			);
			defaultConfigurationIsVisible = 0;
			defaultConfigurationName = Release;
		};
		EHL00000000000000000021 /* Build configuration list for PBXNativeTarget "EhViewerShare" */ = {
			isa = XCConfigurationList;
			buildConfigurations = (
				EHC00000000000000000022 /* Debug */,
				EHC00000000000000000023 /* Release */,
			);
			defaultConfigurationIsVisible = 0;
			defaultConfigurationName = Release;
		};
/* End XCConfigurationList section */

/* Begin XCLocalSwiftPackageReference section */
		EHPKG000000000000000001 /* XCLocalSwiftPackageReference "." */ = {
			isa = XCLocalSwiftPackageReference;
			relativePath = .;
		};
/* End XCLocalSwiftPackageReference section */

/* Begin XCSwiftPackageProductDependency section */
		EHD00000000000000000001 /* EHDomain */ = {
			isa = XCSwiftPackageProductDependency;
			package = EHPKG000000000000000001 /* XCLocalSwiftPackageReference "." */;
			productName = EHDomain;
		};
		EHD00000000000000000002 /* EHNetworking */ = {
			isa = XCSwiftPackageProductDependency;
			package = EHPKG000000000000000001 /* XCLocalSwiftPackageReference "." */;
			productName = EHNetworking;
		};
		EHD00000000000000000003 /* EHPersistence */ = {
			isa = XCSwiftPackageProductDependency;
			package = EHPKG000000000000000001 /* XCLocalSwiftPackageReference "." */;
			productName = EHPersistence;
		};
		EHD00000000000000000004 /* EHDownloads */ = {
			isa = XCSwiftPackageProductDependency;
			package = EHPKG000000000000000001 /* XCLocalSwiftPackageReference "." */;
			productName = EHDownloads;
		};
/* End XCSwiftPackageProductDependency section */
	};
	rootObject = EHP00000000000000000010 /* Project object */;
}
